
Microsoft Visual Studio Solution File, Format Version 12.00
# Visual Studio Version 17
VisualStudioVersion = 17.13.35919.96
MinimumVisualStudioVersion = 10.0.40219.1
Project("{FAE04EC0-301F-11D3-BF4B-00C04F79EFBC}") = "Calculator.Presentation", "Calculator.Presentation\Calculator.Presentation.csproj", "{D096049A-83B0-4DA0-98BE-2BF4C8070F11}"
EndProject
Project("{2150E333-8FDC-42A3-9474-1A3956D46DE8}") = "CalculatorProject", "CalculatorProject", "{02EA681E-C7D8-13C7-8484-4AC65E1B71E8}"
EndProject
Project("{FAE04EC0-301F-11D3-BF4B-00C04F79EFBC}") = "Calculator.Business", "Calculator.Business\Calculator.Business.csproj", "{06500128-5588-47E9-AD1D-0246956A765B}"
EndProject
Project("{FAE04EC0-301F-11D3-BF4B-00C04F79EFBC}") = "Calculator.Models", "Calculator.Models\Calculator.Models.csproj", "{354E2A89-37A8-406B-AD58-1447A3B16859}"
EndProject
Project("{FAE04EC0-301F-11D3-BF4B-00C04F79EFBC}") = "Calculator.Data", "Calculator.Data\Calculator.Data.csproj", "{D2713BFC-467C-421C-9393-CBA43A2762E3}"
EndProject
Project("{2150E333-8FDC-42A3-9474-1A3956D46DE8}") = "NumberGameProject", "NumberGameProject", "{70AAEFEA-1281-4C43-B94D-20763C39E9CA}"
EndProject
Project("{FAE04EC0-301F-11D3-BF4B-00C04F79EFBC}") = "NumberGame.Presentation", "NumberGame.Presentation\NumberGame.Presentation.csproj", "{DAB26F19-F546-49F4-8C34-632F3970FB1B}"
EndProject
Project("{FAE04EC0-301F-11D3-BF4B-00C04F79EFBC}") = "NumberGame.Data", "NumberGame.Data\NumberGame.Data.csproj", "{0FE82068-7E5C-40D2-AEB0-5E7FB6AB8ACA}"
EndProject
Project("{FAE04EC0-301F-11D3-BF4B-00C04F79EFBC}") = "NumberGame.Business", "NumberGame.Business\NumberGame.Business.csproj", "{0B830023-1F12-44C3-A6B6-E561494DB92A}"
EndProject
Project("{FAE04EC0-301F-11D3-BF4B-00C04F79EFBC}") = "NumberGame.Models", "NumberGame.Models\NumberGame.Models.csproj", "{488530E2-F0C4-4C1A-8430-4412A51807B2}"
EndProject
Project("{2150E333-8FDC-42A3-9474-1A3956D46DE8}") = "HangingGameProject", "HangingGameProject", "{988A71EB-87AE-4928-8B28-D4E30BF86E71}"
EndProject
Project("{FAE04EC0-301F-11D3-BF4B-00C04F79EFBC}") = "HangingGame.Presentation", "HangingGame.Presentation\HangingGame.Presentation.csproj", "{A687B7E3-55A1-48BD-9CEC-563667CFAAFF}"
EndProject
Project("{FAE04EC0-301F-11D3-BF4B-00C04F79EFBC}") = "HangingGame.Business", "HangingGame.Business\HangingGame.Business.csproj", "{6B47E789-69D1-47F9-8D16-208D94B342BD}"
EndProject
Project("{FAE04EC0-301F-11D3-BF4B-00C04F79EFBC}") = "HangingGame.Data", "HangingGame.Data\HangingGame.Data.csproj", "{890F1252-D89F-446A-8454-1D43E264264B}"
EndProject
Project("{FAE04EC0-301F-11D3-BF4B-00C04F79EFBC}") = "HangingGame.Models", "HangingGame.Models\HangingGame.Models.csproj", "{626F8E86-CDE4-460E-94BD-4266C27C4ECA}"
EndProject
Project("{2150E333-8FDC-42A3-9474-1A3956D46DE8}") = "ATMProject", "ATMProject", "{4D4D932D-987A-4E1D-A8E1-34A5594699DC}"
EndProject
Project("{FAE04EC0-301F-11D3-BF4B-00C04F79EFBC}") = "ATMProject.Presentation", "ATMProject.Presentation\ATMProject.Presentation.csproj", "{D2497228-FA14-4285-BEB8-7ED3AF079B1A}"
EndProject
Project("{FAE04EC0-301F-11D3-BF4B-00C04F79EFBC}") = "ATMProject.Models", "ATMProject.Models\ATMProject.Models.csproj", "{E826F976-09E0-4C71-9BEE-2498598CBF5F}"
EndProject
Project("{FAE04EC0-301F-11D3-BF4B-00C04F79EFBC}") = "ATMProject.Data", "ATMProject.Data\ATMProject.Data.csproj", "{ACDE4D49-17C5-4BEF-ADAC-DA2CCA0F95AD}"
EndProject
Project("{FAE04EC0-301F-11D3-BF4B-00C04F79EFBC}") = "ATMProject.Business", "ATMProject.Business\ATMProject.Business.csproj", "{064A7693-DBF6-423E-AE7E-FC3932C0EA89}"
EndProject
Global
	GlobalSection(SolutionConfigurationPlatforms) = preSolution
		Debug|Any CPU = Debug|Any CPU
		Release|Any CPU = Release|Any CPU
	EndGlobalSection
	GlobalSection(ProjectConfigurationPlatforms) = postSolution
		{D096049A-83B0-4DA0-98BE-2BF4C8070F11}.Debug|Any CPU.ActiveCfg = Debug|Any CPU
		{D096049A-83B0-4DA0-98BE-2BF4C8070F11}.Debug|Any CPU.Build.0 = Debug|Any CPU
		{D096049A-83B0-4DA0-98BE-2BF4C8070F11}.Release|Any CPU.ActiveCfg = Release|Any CPU
		{D096049A-83B0-4DA0-98BE-2BF4C8070F11}.Release|Any CPU.Build.0 = Release|Any CPU
		{06500128-5588-47E9-AD1D-0246956A765B}.Debug|Any CPU.ActiveCfg = Debug|Any CPU
		{06500128-5588-47E9-AD1D-0246956A765B}.Debug|Any CPU.Build.0 = Debug|Any CPU
		{06500128-5588-47E9-AD1D-0246956A765B}.Release|Any CPU.ActiveCfg = Release|Any CPU
		{06500128-5588-47E9-AD1D-0246956A765B}.Release|Any CPU.Build.0 = Release|Any CPU
		{354E2A89-37A8-406B-AD58-1447A3B16859}.Debug|Any CPU.ActiveCfg = Debug|Any CPU
		{354E2A89-37A8-406B-AD58-1447A3B16859}.Debug|Any CPU.Build.0 = Debug|Any CPU
		{354E2A89-37A8-406B-AD58-1447A3B16859}.Release|Any CPU.ActiveCfg = Release|Any CPU
		{354E2A89-37A8-406B-AD58-1447A3B16859}.Release|Any CPU.Build.0 = Release|Any CPU
		{D2713BFC-467C-421C-9393-CBA43A2762E3}.Debug|Any CPU.ActiveCfg = Debug|Any CPU
		{D2713BFC-467C-421C-9393-CBA43A2762E3}.Debug|Any CPU.Build.0 = Debug|Any CPU
		{D2713BFC-467C-421C-9393-CBA43A2762E3}.Release|Any CPU.ActiveCfg = Release|Any CPU
		{D2713BFC-467C-421C-9393-CBA43A2762E3}.Release|Any CPU.Build.0 = Release|Any CPU
		{DAB26F19-F546-49F4-8C34-632F3970FB1B}.Debug|Any CPU.ActiveCfg = Debug|Any CPU
		{DAB26F19-F546-49F4-8C34-632F3970FB1B}.Debug|Any CPU.Build.0 = Debug|Any CPU
		{DAB26F19-F546-49F4-8C34-632F3970FB1B}.Release|Any CPU.ActiveCfg = Release|Any CPU
		{DAB26F19-F546-49F4-8C34-632F3970FB1B}.Release|Any CPU.Build.0 = Release|Any CPU
		{0FE82068-7E5C-40D2-AEB0-5E7FB6AB8ACA}.Debug|Any CPU.ActiveCfg = Debug|Any CPU
		{0FE82068-7E5C-40D2-AEB0-5E7FB6AB8ACA}.Debug|Any CPU.Build.0 = Debug|Any CPU
		{0FE82068-7E5C-40D2-AEB0-5E7FB6AB8ACA}.Release|Any CPU.ActiveCfg = Release|Any CPU
		{0FE82068-7E5C-40D2-AEB0-5E7FB6AB8ACA}.Release|Any CPU.Build.0 = Release|Any CPU
		{0B830023-1F12-44C3-A6B6-E561494DB92A}.Debug|Any CPU.ActiveCfg = Debug|Any CPU
		{0B830023-1F12-44C3-A6B6-E561494DB92A}.Debug|Any CPU.Build.0 = Debug|Any CPU
		{0B830023-1F12-44C3-A6B6-E561494DB92A}.Release|Any CPU.ActiveCfg = Release|Any CPU
		{0B830023-1F12-44C3-A6B6-E561494DB92A}.Release|Any CPU.Build.0 = Release|Any CPU
		{488530E2-F0C4-4C1A-8430-4412A51807B2}.Debug|Any CPU.ActiveCfg = Debug|Any CPU
		{488530E2-F0C4-4C1A-8430-4412A51807B2}.Debug|Any CPU.Build.0 = Debug|Any CPU
		{488530E2-F0C4-4C1A-8430-4412A51807B2}.Release|Any CPU.ActiveCfg = Release|Any CPU
		{488530E2-F0C4-4C1A-8430-4412A51807B2}.Release|Any CPU.Build.0 = Release|Any CPU
		{A687B7E3-55A1-48BD-9CEC-563667CFAAFF}.Debug|Any CPU.ActiveCfg = Debug|Any CPU
		{A687B7E3-55A1-48BD-9CEC-563667CFAAFF}.Debug|Any CPU.Build.0 = Debug|Any CPU
		{A687B7E3-55A1-48BD-9CEC-563667CFAAFF}.Release|Any CPU.ActiveCfg = Release|Any CPU
		{A687B7E3-55A1-48BD-9CEC-563667CFAAFF}.Release|Any CPU.Build.0 = Release|Any CPU
		{6B47E789-69D1-47F9-8D16-208D94B342BD}.Debug|Any CPU.ActiveCfg = Debug|Any CPU
		{6B47E789-69D1-47F9-8D16-208D94B342BD}.Debug|Any CPU.Build.0 = Debug|Any CPU
		{6B47E789-69D1-47F9-8D16-208D94B342BD}.Release|Any CPU.ActiveCfg = Release|Any CPU
		{6B47E789-69D1-47F9-8D16-208D94B342BD}.Release|Any CPU.Build.0 = Release|Any CPU
		{890F1252-D89F-446A-8454-1D43E264264B}.Debug|Any CPU.ActiveCfg = Debug|Any CPU
		{890F1252-D89F-446A-8454-1D43E264264B}.Debug|Any CPU.Build.0 = Debug|Any CPU
		{890F1252-D89F-446A-8454-1D43E264264B}.Release|Any CPU.ActiveCfg = Release|Any CPU
		{890F1252-D89F-446A-8454-1D43E264264B}.Release|Any CPU.Build.0 = Release|Any CPU
		{626F8E86-CDE4-460E-94BD-4266C27C4ECA}.Debug|Any CPU.ActiveCfg = Debug|Any CPU
		{626F8E86-CDE4-460E-94BD-4266C27C4ECA}.Debug|Any CPU.Build.0 = Debug|Any CPU
		{626F8E86-CDE4-460E-94BD-4266C27C4ECA}.Release|Any CPU.ActiveCfg = Release|Any CPU
		{626F8E86-CDE4-460E-94BD-4266C27C4ECA}.Release|Any CPU.Build.0 = Release|Any CPU
		{D2497228-FA14-4285-BEB8-7ED3AF079B1A}.Debug|Any CPU.ActiveCfg = Debug|Any CPU
		{D2497228-FA14-4285-BEB8-7ED3AF079B1A}.Debug|Any CPU.Build.0 = Debug|Any CPU
		{D2497228-FA14-4285-BEB8-7ED3AF079B1A}.Release|Any CPU.ActiveCfg = Release|Any CPU
		{D2497228-FA14-4285-BEB8-7ED3AF079B1A}.Release|Any CPU.Build.0 = Release|Any CPU
		{E826F976-09E0-4C71-9BEE-2498598CBF5F}.Debug|Any CPU.ActiveCfg = Debug|Any CPU
		{E826F976-09E0-4C71-9BEE-2498598CBF5F}.Debug|Any CPU.Build.0 = Debug|Any CPU
		{E826F976-09E0-4C71-9BEE-2498598CBF5F}.Release|Any CPU.ActiveCfg = Release|Any CPU
		{E826F976-09E0-4C71-9BEE-2498598CBF5F}.Release|Any CPU.Build.0 = Release|Any CPU
		{ACDE4D49-17C5-4BEF-ADAC-DA2CCA0F95AD}.Debug|Any CPU.ActiveCfg = Debug|Any CPU
		{ACDE4D49-17C5-4BEF-ADAC-DA2CCA0F95AD}.Debug|Any CPU.Build.0 = Debug|Any CPU
		{ACDE4D49-17C5-4BEF-ADAC-DA2CCA0F95AD}.Release|Any CPU.ActiveCfg = Release|Any CPU
		{ACDE4D49-17C5-4BEF-ADAC-DA2CCA0F95AD}.Release|Any CPU.Build.0 = Release|Any CPU
		{064A7693-DBF6-423E-AE7E-FC3932C0EA89}.Debug|Any CPU.ActiveCfg = Debug|Any CPU
		{064A7693-DBF6-423E-AE7E-FC3932C0EA89}.Debug|Any CPU.Build.0 = Debug|Any CPU
		{064A7693-DBF6-423E-AE7E-FC3932C0EA89}.Release|Any CPU.ActiveCfg = Release|Any CPU
		{064A7693-DBF6-423E-AE7E-FC3932C0EA89}.Release|Any CPU.Build.0 = Release|Any CPU
	EndGlobalSection
	GlobalSection(SolutionProperties) = preSolution
		HideSolutionNode = FALSE
	EndGlobalSection
	GlobalSection(NestedProjects) = preSolution
		{D096049A-83B0-4DA0-98BE-2BF4C8070F11} = {02EA681E-C7D8-13C7-8484-4AC65E1B71E8}
		{06500128-5588-47E9-AD1D-0246956A765B} = {02EA681E-C7D8-13C7-8484-4AC65E1B71E8}
		{354E2A89-37A8-406B-AD58-1447A3B16859} = {02EA681E-C7D8-13C7-8484-4AC65E1B71E8}
		{D2713BFC-467C-421C-9393-CBA43A2762E3} = {02EA681E-C7D8-13C7-8484-4AC65E1B71E8}
		{DAB26F19-F546-49F4-8C34-632F3970FB1B} = {70AAEFEA-1281-4C43-B94D-20763C39E9CA}
		{0FE82068-7E5C-40D2-AEB0-5E7FB6AB8ACA} = {70AAEFEA-1281-4C43-B94D-20763C39E9CA}
		{0B830023-1F12-44C3-A6B6-E561494DB92A} = {70AAEFEA-1281-4C43-B94D-20763C39E9CA}
		{488530E2-F0C4-4C1A-8430-4412A51807B2} = {70AAEFEA-1281-4C43-B94D-20763C39E9CA}
		{A687B7E3-55A1-48BD-9CEC-563667CFAAFF} = {988A71EB-87AE-4928-8B28-D4E30BF86E71}
		{6B47E789-69D1-47F9-8D16-208D94B342BD} = {988A71EB-87AE-4928-8B28-D4E30BF86E71}
		{890F1252-D89F-446A-8454-1D43E264264B} = {988A71EB-87AE-4928-8B28-D4E30BF86E71}
		{626F8E86-CDE4-460E-94BD-4266C27C4ECA} = {988A71EB-87AE-4928-8B28-D4E30BF86E71}
		{D2497228-FA14-4285-BEB8-7ED3AF079B1A} = {4D4D932D-987A-4E1D-A8E1-34A5594699DC}
		{E826F976-09E0-4C71-9BEE-2498598CBF5F} = {4D4D932D-987A-4E1D-A8E1-34A5594699DC}
		{ACDE4D49-17C5-4BEF-ADAC-DA2CCA0F95AD} = {4D4D932D-987A-4E1D-A8E1-34A5594699DC}
		{064A7693-DBF6-423E-AE7E-FC3932C0EA89} = {4D4D932D-987A-4E1D-A8E1-34A5594699DC}
	EndGlobalSection
	GlobalSection(ExtensibilityGlobals) = postSolution
		SolutionGuid = {1FF72EC3-6DC7-4EAD-A5CF-39BE225AD1ED}
	EndGlobalSection
EndGlobal
